// !$*UTF8*$!
{
	archiveVersion = 1;
	classes = {
	};
	objectVersion = 46;
	objects = {

/* Begin PBXBuildFile section */
		97BD9186BADB36F3B53672F5 /* Pods_BoxGo.framework in Frameworks */ = {isa = PBXBuildFile; fileRef = 19A707A117F8FB887A6DC2A6 /* Pods_BoxGo.framework */; };
		9F7A4E051F845D1300AD122F /* AppDelegate.swift in Sources */ = {isa = PBXBuildFile; fileRef = 9F7A4E041F845D1300AD122F /* AppDelegate.swift */; };
		9F7A4E071F845D1300AD122F /* ViewController.swift in Sources */ = {isa = PBXBuildFile; fileRef = 9F7A4E061F845D1300AD122F /* ViewController.swift */; };
		9F7A4E0A1F845D1300AD122F /* Main.storyboard in Resources */ = {isa = PBXBuildFile; fileRef = 9F7A4E081F845D1300AD122F /* Main.storyboard */; };
		9F7A4E0D1F845D1300AD122F /* BoxGo.xcdatamodeld in Sources */ = {isa = PBXBuildFile; fileRef = 9F7A4E0B1F845D1300AD122F /* BoxGo.xcdatamodeld */; };
		9F7A4E0F1F845D1300AD122F /* Assets.xcassets in Resources */ = {isa = PBXBuildFile; fileRef = 9F7A4E0E1F845D1300AD122F /* Assets.xcassets */; };
		9F7A4E121F845D1300AD122F /* LaunchScreen.storyboard in Resources */ = {isa = PBXBuildFile; fileRef = 9F7A4E101F845D1300AD122F /* LaunchScreen.storyboard */; };
		9F7A4E1D1F845D1300AD122F /* BoxGoTests.swift in Sources */ = {isa = PBXBuildFile; fileRef = 9F7A4E1C1F845D1300AD122F /* BoxGoTests.swift */; };
		9F7A4E281F845D1300AD122F /* BoxGoUITests.swift in Sources */ = {isa = PBXBuildFile; fileRef = 9F7A4E271F845D1300AD122F /* BoxGoUITests.swift */; };
		9F7A4E361F87EDF100AD122F /* GoogleService-Info.plist in Resources */ = {isa = PBXBuildFile; fileRef = 9F7A4E351F87EDF100AD122F /* GoogleService-Info.plist */; };
/* End PBXBuildFile section */

/* Begin PBXContainerItemProxy section */
		9F7A4E191F845D1300AD122F /* PBXContainerItemProxy */ = {
			isa = PBXContainerItemProxy;
			containerPortal = 9F7A4DF91F845D1300AD122F /* Project object */;
			proxyType = 1;
			remoteGlobalIDString = 9F7A4E001F845D1300AD122F;
			remoteInfo = BoxGo;
		};
		9F7A4E241F845D1300AD122F /* PBXContainerItemProxy */ = {
			isa = PBXContainerItemProxy;
			containerPortal = 9F7A4DF91F845D1300AD122F /* Project object */;
			proxyType = 1;
			remoteGlobalIDString = 9F7A4E001F845D1300AD122F;
			remoteInfo = BoxGo;
		};
/* End PBXContainerItemProxy section */

/* Begin PBXFileReference section */
		19A707A117F8FB887A6DC2A6 /* Pods_BoxGo.framework */ = {isa = PBXFileReference; explicitFileType = wrapper.framework; includeInIndex = 0; path = Pods_BoxGo.framework; sourceTree = BUILT_PRODUCTS_DIR; };
		8F88AF9139E0E8DEA4D4987C /* Pods-BoxGo.release.xcconfig */ = {isa = PBXFileReference; includeInIndex = 1; lastKnownFileType = text.xcconfig; name = "Pods-BoxGo.release.xcconfig"; path = "Pods/Target Support Files/Pods-BoxGo/Pods-BoxGo.release.xcconfig"; sourceTree = "<group>"; };
		9F7A4E011F845D1300AD122F /* BoxGo.app */ = {isa = PBXFileReference; explicitFileType = wrapper.application; includeInIndex = 0; path = BoxGo.app; sourceTree = BUILT_PRODUCTS_DIR; };
		9F7A4E041F845D1300AD122F /* AppDelegate.swift */ = {isa = PBXFileReference; lastKnownFileType = sourcecode.swift; path = AppDelegate.swift; sourceTree = "<group>"; };
		9F7A4E061F845D1300AD122F /* ViewController.swift */ = {isa = PBXFileReference; lastKnownFileType = sourcecode.swift; path = ViewController.swift; sourceTree = "<group>"; };
		9F7A4E091F845D1300AD122F /* Base */ = {isa = PBXFileReference; lastKnownFileType = file.storyboard; name = Base; path = Base.lproj/Main.storyboard; sourceTree = "<group>"; };
		9F7A4E0C1F845D1300AD122F /* BoxGo.xcdatamodel */ = {isa = PBXFileReference; lastKnownFileType = wrapper.xcdatamodel; path = BoxGo.xcdatamodel; sourceTree = "<group>"; };
		9F7A4E0E1F845D1300AD122F /* Assets.xcassets */ = {isa = PBXFileReference; lastKnownFileType = folder.assetcatalog; path = Assets.xcassets; sourceTree = "<group>"; };
		9F7A4E111F845D1300AD122F /* Base */ = {isa = PBXFileReference; lastKnownFileType = file.storyboard; name = Base; path = Base.lproj/LaunchScreen.storyboard; sourceTree = "<group>"; };
		9F7A4E131F845D1300AD122F /* Info.plist */ = {isa = PBXFileReference; lastKnownFileType = text.plist.xml; path = Info.plist; sourceTree = "<group>"; };
		9F7A4E181F845D1300AD122F /* BoxGoTests.xctest */ = {isa = PBXFileReference; explicitFileType = wrapper.cfbundle; includeInIndex = 0; path = BoxGoTests.xctest; sourceTree = BUILT_PRODUCTS_DIR; };
		9F7A4E1C1F845D1300AD122F /* BoxGoTests.swift */ = {isa = PBXFileReference; lastKnownFileType = sourcecode.swift; path = BoxGoTests.swift; sourceTree = "<group>"; };
		9F7A4E1E1F845D1300AD122F /* Info.plist */ = {isa = PBXFileReference; lastKnownFileType = text.plist.xml; path = Info.plist; sourceTree = "<group>"; };
		9F7A4E231F845D1300AD122F /* BoxGoUITests.xctest */ = {isa = PBXFileReference; explicitFileType = wrapper.cfbundle; includeInIndex = 0; path = BoxGoUITests.xctest; sourceTree = BUILT_PRODUCTS_DIR; };
		9F7A4E271F845D1300AD122F /* BoxGoUITests.swift */ = {isa = PBXFileReference; lastKnownFileType = sourcecode.swift; path = BoxGoUITests.swift; sourceTree = "<group>"; };
		9F7A4E291F845D1300AD122F /* Info.plist */ = {isa = PBXFileReference; lastKnownFileType = text.plist.xml; path = Info.plist; sourceTree = "<group>"; };
		9F7A4E351F87EDF100AD122F /* GoogleService-Info.plist */ = {isa = PBXFileReference; fileEncoding = 4; lastKnownFileType = text.plist.xml; path = "GoogleService-Info.plist"; sourceTree = "<group>"; };
		C9DE9873CB9547C6A860BC6E /* Pods-BoxGo.debug.xcconfig */ = {isa = PBXFileReference; includeInIndex = 1; lastKnownFileType = text.xcconfig; name = "Pods-BoxGo.debug.xcconfig"; path = "Pods/Target Support Files/Pods-BoxGo/Pods-BoxGo.debug.xcconfig"; sourceTree = "<group>"; };
/* End PBXFileReference section */

/* Begin PBXFrameworksBuildPhase section */
		9F7A4DFE1F845D1300AD122F /* Frameworks */ = {
			isa = PBXFrameworksBuildPhase;
			buildActionMask = 2147483647;
			files = (
				97BD9186BADB36F3B53672F5 /* Pods_BoxGo.framework in Frameworks */,
			);
			runOnlyForDeploymentPostprocessing = 0;
		};
		9F7A4E151F845D1300AD122F /* Frameworks */ = {
			isa = PBXFrameworksBuildPhase;
			buildActionMask = 2147483647;
			files = (
			);
			runOnlyForDeploymentPostprocessing = 0;
		};
		9F7A4E201F845D1300AD122F /* Frameworks */ = {
			isa = PBXFrameworksBuildPhase;
			buildActionMask = 2147483647;
			files = (
			);
			runOnlyForDeploymentPostprocessing = 0;
		};
/* End PBXFrameworksBuildPhase section */

/* Begin PBXGroup section */
		02F606DD9A4BFF325D6B5FDA /* Pods */ = {
			isa = PBXGroup;
			children = (
				C9DE9873CB9547C6A860BC6E /* Pods-BoxGo.debug.xcconfig */,
				8F88AF9139E0E8DEA4D4987C /* Pods-BoxGo.release.xcconfig */,
			);
			name = Pods;
			sourceTree = "<group>";
		};
		1868064C0F42AF6C5218A29F /* Frameworks */ = {
			isa = PBXGroup;
			children = (
				19A707A117F8FB887A6DC2A6 /* Pods_BoxGo.framework */,
			);
			name = Frameworks;
			sourceTree = "<group>";
		};
		9F7A4DF81F845D1300AD122F = {
			isa = PBXGroup;
			children = (
				9F7A4E031F845D1300AD122F /* BoxGo */,
				9F7A4E1B1F845D1300AD122F /* BoxGoTests */,
				9F7A4E261F845D1300AD122F /* BoxGoUITests */,
				9F7A4E021F845D1300AD122F /* Products */,
				02F606DD9A4BFF325D6B5FDA /* Pods */,
				1868064C0F42AF6C5218A29F /* Frameworks */,
			);
			sourceTree = "<group>";
		};
		9F7A4E021F845D1300AD122F /* Products */ = {
			isa = PBXGroup;
			children = (
				9F7A4E011F845D1300AD122F /* BoxGo.app */,
				9F7A4E181F845D1300AD122F /* BoxGoTests.xctest */,
				9F7A4E231F845D1300AD122F /* BoxGoUITests.xctest */,
			);
			name = Products;
			sourceTree = "<group>";
		};
		9F7A4E031F845D1300AD122F /* BoxGo */ = {
			isa = PBXGroup;
			children = (
				9F7A4E351F87EDF100AD122F /* GoogleService-Info.plist */,
				9F7A4E041F845D1300AD122F /* AppDelegate.swift */,
				9F7A4E061F845D1300AD122F /* ViewController.swift */,
				9F7A4E081F845D1300AD122F /* Main.storyboard */,
				9F7A4E0E1F845D1300AD122F /* Assets.xcassets */,
				9F7A4E101F845D1300AD122F /* LaunchScreen.storyboard */,
				9F7A4E131F845D1300AD122F /* Info.plist */,
				9F7A4E0B1F845D1300AD122F /* BoxGo.xcdatamodeld */,
			);
			path = BoxGo;
			sourceTree = "<group>";
		};
		9F7A4E1B1F845D1300AD122F /* BoxGoTests */ = {
			isa = PBXGroup;
			children = (
				9F7A4E1C1F845D1300AD122F /* BoxGoTests.swift */,
				9F7A4E1E1F845D1300AD122F /* Info.plist */,
			);
			path = BoxGoTests;
			sourceTree = "<group>";
		};
		9F7A4E261F845D1300AD122F /* BoxGoUITests */ = {
			isa = PBXGroup;
			children = (
				9F7A4E271F845D1300AD122F /* BoxGoUITests.swift */,
				9F7A4E291F845D1300AD122F /* Info.plist */,
			);
			path = BoxGoUITests;
			sourceTree = "<group>";
		};
/* End PBXGroup section */

/* Begin PBXNativeTarget section */
		9F7A4E001F845D1300AD122F /* BoxGo */ = {
			isa = PBXNativeTarget;
			buildConfigurationList = 9F7A4E2C1F845D1300AD122F /* Build configuration list for PBXNativeTarget "BoxGo" */;
			buildPhases = (
				DC0CF522DCFB31279C75CF22 /* [CP] Check Pods Manifest.lock */,
				9F7A4DFD1F845D1300AD122F /* Sources */,
				9F7A4DFE1F845D1300AD122F /* Frameworks */,
				9F7A4DFF1F845D1300AD122F /* Resources */,
				D3B62D75AF66D01FAB27D057 /* [CP] Embed Pods Frameworks */,
				245B76EC36E95EE180C07F60 /* [CP] Copy Pods Resources */,
			);
			buildRules = (
			);
			dependencies = (
			);
			name = BoxGo;
			productName = BoxGo;
			productReference = 9F7A4E011F845D1300AD122F /* BoxGo.app */;
			productType = "com.apple.product-type.application";
		};
		9F7A4E171F845D1300AD122F /* BoxGoTests */ = {
			isa = PBXNativeTarget;
			buildConfigurationList = 9F7A4E2F1F845D1300AD122F /* Build configuration list for PBXNativeTarget "BoxGoTests" */;
			buildPhases = (
				9F7A4E141F845D1300AD122F /* Sources */,
				9F7A4E151F845D1300AD122F /* Frameworks */,
				9F7A4E161F845D1300AD122F /* Resources */,
			);
			buildRules = (
			);
			dependencies = (
				9F7A4E1A1F845D1300AD122F /* PBXTargetDependency */,
			);
			name = BoxGoTests;
			productName = BoxGoTests;
			productReference = 9F7A4E181F845D1300AD122F /* BoxGoTests.xctest */;
			productType = "com.apple.product-type.bundle.unit-test";
		};
		9F7A4E221F845D1300AD122F /* BoxGoUITests */ = {
			isa = PBXNativeTarget;
			buildConfigurationList = 9F7A4E321F845D1300AD122F /* Build configuration list for PBXNativeTarget "BoxGoUITests" */;
			buildPhases = (
				9F7A4E1F1F845D1300AD122F /* Sources */,
				9F7A4E201F845D1300AD122F /* Frameworks */,
				9F7A4E211F845D1300AD122F /* Resources */,
			);
			buildRules = (
			);
			dependencies = (
				9F7A4E251F845D1300AD122F /* PBXTargetDependency */,
			);
			name = BoxGoUITests;
			productName = BoxGoUITests;
			productReference = 9F7A4E231F845D1300AD122F /* BoxGoUITests.xctest */;
			productType = "com.apple.product-type.bundle.ui-testing";
		};
/* End PBXNativeTarget section */

/* Begin PBXProject section */
		9F7A4DF91F845D1300AD122F /* Project object */ = {
			isa = PBXProject;
			attributes = {
				LastSwiftUpdateCheck = 0830;
				LastUpgradeCheck = 0830;
				ORGANIZATIONNAME = "Miranda Zhao";
				TargetAttributes = {
					9F7A4E001F845D1300AD122F = {
						CreatedOnToolsVersion = 8.3.3;
						DevelopmentTeam = 9V2NTFEW66;
						ProvisioningStyle = Automatic;
					};
					9F7A4E171F845D1300AD122F = {
						CreatedOnToolsVersion = 8.3.3;
						DevelopmentTeam = 9V2NTFEW66;
						ProvisioningStyle = Automatic;
						TestTargetID = 9F7A4E001F845D1300AD122F;
					};
					9F7A4E221F845D1300AD122F = {
						CreatedOnToolsVersion = 8.3.3;
						DevelopmentTeam = 9V2NTFEW66;
						ProvisioningStyle = Automatic;
						TestTargetID = 9F7A4E001F845D1300AD122F;
					};
				};
			};
			buildConfigurationList = 9F7A4DFC1F845D1300AD122F /* Build configuration list for PBXProject "BoxGo" */;
			compatibilityVersion = "Xcode 3.2";
			developmentRegion = English;
			hasScannedForEncodings = 0;
			knownRegions = (
				en,
				Base,
			);
			mainGroup = 9F7A4DF81F845D1300AD122F;
			productRefGroup = 9F7A4E021F845D1300AD122F /* Products */;
			projectDirPath = "";
			projectRoot = "";
			targets = (
				9F7A4E001F845D1300AD122F /* BoxGo */,
				9F7A4E171F845D1300AD122F /* BoxGoTests */,
				9F7A4E221F845D1300AD122F /* BoxGoUITests */,
			);
		};
/* End PBXProject section */

/* Begin PBXResourcesBuildPhase section */
		9F7A4DFF1F845D1300AD122F /* Resources */ = {
			isa = PBXResourcesBuildPhase;
			buildActionMask = 2147483647;
			files = (
				9F7A4E121F845D1300AD122F /* LaunchScreen.storyboard in Resources */,
				9F7A4E361F87EDF100AD122F /* GoogleService-Info.plist in Resources */,
				9F7A4E0F1F845D1300AD122F /* Assets.xcassets in Resources */,
				9F7A4E0A1F845D1300AD122F /* Main.storyboard in Resources */,
			);
			runOnlyForDeploymentPostprocessing = 0;
		};
		9F7A4E161F845D1300AD122F /* Resources */ = {
			isa = PBXResourcesBuildPhase;
			buildActionMask = 2147483647;
			files = (
			);
			runOnlyForDeploymentPostprocessing = 0;
		};
		9F7A4E211F845D1300AD122F /* Resources */ = {
			isa = PBXResourcesBuildPhase;
			buildActionMask = 2147483647;
			files = (
			);
			runOnlyForDeploymentPostprocessing = 0;
		};
/* End PBXResourcesBuildPhase section */

/* Begin PBXShellScriptBuildPhase section */
		245B76EC36E95EE180C07F60 /* [CP] Copy Pods Resources */ = {
			isa = PBXShellScriptBuildPhase;
			buildActionMask = 2147483647;
			files = (
			);
			inputPaths = (
			);
			name = "[CP] Copy Pods Resources";
			outputPaths = (
			);
			runOnlyForDeploymentPostprocessing = 0;
			shellPath = /bin/sh;
			shellScript = "\"${SRCROOT}/Pods/Target Support Files/Pods-BoxGo/Pods-BoxGo-resources.sh\"\n";
			showEnvVarsInLog = 0;
		};
		D3B62D75AF66D01FAB27D057 /* [CP] Embed Pods Frameworks */ = {
			isa = PBXShellScriptBuildPhase;
			buildActionMask = 2147483647;
			files = (
			);
			inputPaths = (
				"${SRCROOT}/Pods/Target Support Files/Pods-BoxGo/Pods-BoxGo-frameworks.sh",
				"${BUILT_PRODUCTS_DIR}/GTMSessionFetcher/GTMSessionFetcher.framework",
				"${BUILT_PRODUCTS_DIR}/GoogleToolboxForMac/GoogleToolboxForMac.framework",
				"${BUILT_PRODUCTS_DIR}/leveldb-library/leveldb.framework",
				"${BUILT_PRODUCTS_DIR}/nanopb/nanopb.framework",
			);
			name = "[CP] Embed Pods Frameworks";
			outputPaths = (
				"${TARGET_BUILD_DIR}/${FRAMEWORKS_FOLDER_PATH}/GTMSessionFetcher.framework",
				"${TARGET_BUILD_DIR}/${FRAMEWORKS_FOLDER_PATH}/GoogleToolboxForMac.framework",
				"${TARGET_BUILD_DIR}/${FRAMEWORKS_FOLDER_PATH}/leveldb.framework",
				"${TARGET_BUILD_DIR}/${FRAMEWORKS_FOLDER_PATH}/nanopb.framework",
			);
			runOnlyForDeploymentPostprocessing = 0;
			shellPath = /bin/sh;
			shellScript = "\"${SRCROOT}/Pods/Target Support Files/Pods-BoxGo/Pods-BoxGo-frameworks.sh\"\n";
			showEnvVarsInLog = 0;
		};
		DC0CF522DCFB31279C75CF22 /* [CP] Check Pods Manifest.lock */ = {
			isa = PBXShellScriptBuildPhase;
			buildActionMask = 2147483647;
			files = (
			);
			inputPaths = (
				"${PODS_PODFILE_DIR_PATH}/Podfile.lock",
				"${PODS_ROOT}/Manifest.lock",
			);
			name = "[CP] Check Pods Manifest.lock";
			outputPaths = (
				"$(DERIVED_FILE_DIR)/Pods-BoxGo-checkManifestLockResult.txt",
			);
			runOnlyForDeploymentPostprocessing = 0;
			shellPath = /bin/sh;
			shellScript = "diff \"${PODS_PODFILE_DIR_PATH}/Podfile.lock\" \"${PODS_ROOT}/Manifest.lock\" > /dev/null\nif [ $? != 0 ] ; then\n    # print error to STDERR\n    echo \"error: The sandbox is not in sync with the Podfile.lock. Run 'pod install' or update your CocoaPods installation.\" >&2\n    exit 1\nfi\n# This output is used by Xcode 'outputs' to avoid re-running this script phase.\necho \"SUCCESS\" > \"${SCRIPT_OUTPUT_FILE_0}\"\n";
			showEnvVarsInLog = 0;
		};
/* End PBXShellScriptBuildPhase section */

/* Begin PBXSourcesBuildPhase section */
		9F7A4DFD1F845D1300AD122F /* Sources */ = {
			isa = PBXSourcesBuildPhase;
			buildActionMask = 2147483647;
			files = (
				9F7A4E071F845D1300AD122F /* ViewController.swift in Sources */,
				9F7A4E0D1F845D1300AD122F /* BoxGo.xcdatamodeld in Sources */,
				9F7A4E051F845D1300AD122F /* AppDelegate.swift in Sources */,
			);
			runOnlyForDeploymentPostprocessing = 0;
		};
		9F7A4E141F845D1300AD122F /* Sources */ = {
			isa = PBXSourcesBuildPhase;
			buildActionMask = 2147483647;
			files = (
				9F7A4E1D1F845D1300AD122F /* BoxGoTests.swift in Sources */,
			);
			runOnlyForDeploymentPostprocessing = 0;
		};
		9F7A4E1F1F845D1300AD122F /* Sources */ = {
			isa = PBXSourcesBuildPhase;
			buildActionMask = 2147483647;
			files = (
				9F7A4E281F845D1300AD122F /* BoxGoUITests.swift in Sources */,
			);
			runOnlyForDeploymentPostprocessing = 0;
		};
/* End PBXSourcesBuildPhase section */

/* Begin PBXTargetDependency section */
		9F7A4E1A1F845D1300AD122F /* PBXTargetDependency */ = {
			isa = PBXTargetDependency;
			target = 9F7A4E001F845D1300AD122F /* BoxGo */;
			targetProxy = 9F7A4E191F845D1300AD122F /* PBXContainerItemProxy */;
		};
		9F7A4E251F845D1300AD122F /* PBXTargetDependency */ = {
			isa = PBXTargetDependency;
			target = 9F7A4E001F845D1300AD122F /* BoxGo */;
			targetProxy = 9F7A4E241F845D1300AD122F /* PBXContainerItemProxy */;
		};
/* End PBXTargetDependency section */

/* Begin PBXVariantGroup section */
		9F7A4E081F845D1300AD122F /* Main.storyboard */ = {
			isa = PBXVariantGroup;
			children = (
				9F7A4E091F845D1300AD122F /* Base */,
			);
			name = Main.storyboard;
			sourceTree = "<group>";
		};
		9F7A4E101F845D1300AD122F /* LaunchScreen.storyboard */ = {
			isa = PBXVariantGroup;
			children = (
				9F7A4E111F845D1300AD122F /* Base */,
			);
			name = LaunchScreen.storyboard;
			sourceTree = "<group>";
		};
/* End PBXVariantGroup section */

/* Begin XCBuildConfiguration section */
		9F7A4E2A1F845D1300AD122F /* Debug */ = {
			isa = XCBuildConfiguration;
			buildSettings = {
				ALWAYS_SEARCH_USER_PATHS = NO;
				CLANG_ANALYZER_NONNULL = YES;
				CLANG_ANALYZER_NUMBER_OBJECT_CONVERSION = YES_AGGRESSIVE;
				CLANG_CXX_LANGUAGE_STANDARD = "gnu++0x";
				CLANG_CXX_LIBRARY = "libc++";
				CLANG_ENABLE_MODULES = YES;
				CLANG_ENABLE_OBJC_ARC = YES;
				CLANG_WARN_BOOL_CONVERSION = YES;
				CLANG_WARN_CONSTANT_CONVERSION = YES;
				CLANG_WARN_DIRECT_OBJC_ISA_USAGE = YES_ERROR;
				CLANG_WARN_DOCUMENTATION_COMMENTS = YES;
				CLANG_WARN_EMPTY_BODY = YES;
				CLANG_WARN_ENUM_CONVERSION = YES;
				CLANG_WARN_INFINITE_RECURSION = YES;
				CLANG_WARN_INT_CONVERSION = YES;
				CLANG_WARN_OBJC_ROOT_CLASS = YES_ERROR;
				CLANG_WARN_SUSPICIOUS_MOVE = YES;
				CLANG_WARN_UNREACHABLE_CODE = YES;
				CLANG_WARN__DUPLICATE_METHOD_MATCH = YES;
				"CODE_SIGN_IDENTITY[sdk=iphoneos*]" = "iPhone Developer";
				COPY_PHASE_STRIP = NO;
				DEBUG_INFORMATION_FORMAT = dwarf;
				ENABLE_STRICT_OBJC_MSGSEND = YES;
				ENABLE_TESTABILITY = YES;
				GCC_C_LANGUAGE_STANDARD = gnu99;
				GCC_DYNAMIC_NO_PIC = NO;
				GCC_NO_COMMON_BLOCKS = YES;
				GCC_OPTIMIZATION_LEVEL = 0;
				GCC_PREPROCESSOR_DEFINITIONS = (
					"DEBUG=1",
					"$(inherited)",
				);
				GCC_WARN_64_TO_32_BIT_CONVERSION = YES;
				GCC_WARN_ABOUT_RETURN_TYPE = YES_ERROR;
				GCC_WARN_UNDECLARED_SELECTOR = YES;
				GCC_WARN_UNINITIALIZED_AUTOS = YES_AGGRESSIVE;
				GCC_WARN_UNUSED_FUNCTION = YES;
				GCC_WARN_UNUSED_VARIABLE = YES;
				IPHONEOS_DEPLOYMENT_TARGET = 10.3;
				MTL_ENABLE_DEBUG_INFO = YES;
				ONLY_ACTIVE_ARCH = YES;
				SDKROOT = iphoneos;
				SWIFT_ACTIVE_COMPILATION_CONDITIONS = DEBUG;
				SWIFT_OPTIMIZATION_LEVEL = "-Onone";
			};
			name = Debug;
		};
		9F7A4E2B1F845D1300AD122F /* Release */ = {
			isa = XCBuildConfiguration;
			buildSettings = {
				ALWAYS_SEARCH_USER_PATHS = NO;
				CLANG_ANALYZER_NONNULL = YES;
				CLANG_ANALYZER_NUMBER_OBJECT_CONVERSION = YES_AGGRESSIVE;
				CLANG_CXX_LANGUAGE_STANDARD = "gnu++0x";
				CLANG_CXX_LIBRARY = "libc++";
				CLANG_ENABLE_MODULES = YES;
				CLANG_ENABLE_OBJC_ARC = YES;
				CLANG_WARN_BOOL_CONVERSION = YES;
				CLANG_WARN_CONSTANT_CONVERSION = YES;
				CLANG_WARN_DIRECT_OBJC_ISA_USAGE = YES_ERROR;
				CLANG_WARN_DOCUMENTATION_COMMENTS = YES;
				CLANG_WARN_EMPTY_BODY = YES;
				CLANG_WARN_ENUM_CONVERSION = YES;
				CLANG_WARN_INFINITE_RECURSION = YES;
				CLANG_WARN_INT_CONVERSION = YES;
				CLANG_WARN_OBJC_ROOT_CLASS = YES_ERROR;
				CLANG_WARN_SUSPICIOUS_MOVE = YES;
				CLANG_WARN_UNREACHABLE_CODE = YES;
				CLANG_WARN__DUPLICATE_METHOD_MATCH = YES;
				"CODE_SIGN_IDENTITY[sdk=iphoneos*]" = "iPhone Developer";
				COPY_PHASE_STRIP = NO;
				DEBUG_INFORMATION_FORMAT = "dwarf-with-dsym";
				ENABLE_NS_ASSERTIONS = NO;
				ENABLE_STRICT_OBJC_MSGSEND = YES;
				GCC_C_LANGUAGE_STANDARD = gnu99;
				GCC_NO_COMMON_BLOCKS = YES;
				GCC_WARN_64_TO_32_BIT_CONVERSION = YES;
				GCC_WARN_ABOUT_RETURN_TYPE = YES_ERROR;
				GCC_WARN_UNDECLARED_SELECTOR = YES;
				GCC_WARN_UNINITIALIZED_AUTOS = YES_AGGRESSIVE;
				GCC_WARN_UNUSED_FUNCTION = YES;
				GCC_WARN_UNUSED_VARIABLE = YES;
				IPHONEOS_DEPLOYMENT_TARGET = 10.3;
				MTL_ENABLE_DEBUG_INFO = NO;
				SDKROOT = iphoneos;
				SWIFT_OPTIMIZATION_LEVEL = "-Owholemodule";
				VALIDATE_PRODUCT = YES;
			};
			name = Release;
		};
		9F7A4E2D1F845D1300AD122F /* Debug */ = {
			isa = XCBuildConfiguration;
			baseConfigurationReference = C9DE9873CB9547C6A860BC6E /* Pods-BoxGo.debug.xcconfig */;
			buildSettings = {
				ASSETCATALOG_COMPILER_APPICON_NAME = AppIcon;
				DEVELOPMENT_TEAM = 9V2NTFEW66;
				INFOPLIST_FILE = BoxGo/Info.plist;
				LD_RUNPATH_SEARCH_PATHS = "$(inherited) @executable_path/Frameworks";
				PRODUCT_BUNDLE_IDENTIFIER = miranda.szhao.boxgo;
				PRODUCT_NAME = "$(TARGET_NAME)";
				SWIFT_VERSION = 3.0;
			};
			name = Debug;
		};
		9F7A4E2E1F845D1300AD122F /* Release */ = {
			isa = XCBuildConfiguration;
			baseConfigurationReference = 8F88AF9139E0E8DEA4D4987C /* Pods-BoxGo.release.xcconfig */;
			buildSettings = {
				ASSETCATALOG_COMPILER_APPICON_NAME = AppIcon;
				DEVELOPMENT_TEAM = 9V2NTFEW66;
				INFOPLIST_FILE = BoxGo/Info.plist;
				LD_RUNPATH_SEARCH_PATHS = "$(inherited) @executable_path/Frameworks";
				PRODUCT_BUNDLE_IDENTIFIER = miranda.szhao.boxgo;
				PRODUCT_NAME = "$(TARGET_NAME)";
				SWIFT_VERSION = 3.0;
			};
			name = Release;
		};
		9F7A4E301F845D1300AD122F /* Debug */ = {
			isa = XCBuildConfiguration;
			buildSettings = {
				ALWAYS_EMBED_SWIFT_STANDARD_LIBRARIES = YES;
				BUNDLE_LOADER = "$(TEST_HOST)";
				DEVELOPMENT_TEAM = 9V2NTFEW66;
				INFOPLIST_FILE = BoxGoTests/Info.plist;
				LD_RUNPATH_SEARCH_PATHS = "$(inherited) @executable_path/Frameworks @loader_path/Frameworks";
				PRODUCT_BUNDLE_IDENTIFIER = miranda.szhao.BoxGoTests;
				PRODUCT_NAME = "$(TARGET_NAME)";
				SWIFT_VERSION = 3.0;
				TEST_HOST = "$(BUILT_PRODUCTS_DIR)/BoxGo.app/BoxGo";
			};
			name = Debug;
		};
		9F7A4E311F845D1300AD122F /* Release */ = {
			isa = XCBuildConfiguration;
			buildSettings = {
				ALWAYS_EMBED_SWIFT_STANDARD_LIBRARIES = YES;
				BUNDLE_LOADER = "$(TEST_HOST)";
				DEVELOPMENT_TEAM = 9V2NTFEW66;
				INFOPLIST_FILE = BoxGoTests/Info.plist;
				LD_RUNPATH_SEARCH_PATHS = "$(inherited) @executable_path/Frameworks @loader_path/Frameworks";
				PRODUCT_BUNDLE_IDENTIFIER = miranda.szhao.BoxGoTests;
				PRODUCT_NAME = "$(TARGET_NAME)";
				SWIFT_VERSION = 3.0;
				TEST_HOST = "$(BUILT_PRODUCTS_DIR)/BoxGo.app/BoxGo";
			};
			name = Release;
		};
		9F7A4E331F845D1300AD122F /* Debug */ = {
			isa = XCBuildConfiguration;
			buildSettings = {
				ALWAYS_EMBED_SWIFT_STANDARD_LIBRARIES = YES;
				DEVELOPMENT_TEAM = 9V2NTFEW66;
				INFOPLIST_FILE = BoxGoUITests/Info.plist;
				LD_RUNPATH_SEARCH_PATHS = "$(inherited) @executable_path/Frameworks @loader_path/Frameworks";
				PRODUCT_BUNDLE_IDENTIFIER = miranda.szhao.BoxGoUITests;
				PRODUCT_NAME = "$(TARGET_NAME)";
				SWIFT_VERSION = 3.0;
				TEST_TARGET_NAME = BoxGo;
			};
			name = Debug;
		};
		9F7A4E341F845D1300AD122F /* Release */ = {
			isa = XCBuildConfiguration;
			buildSettings = {
				ALWAYS_EMBED_SWIFT_STANDARD_LIBRARIES = YES;
				DEVELOPMENT_TEAM = 9V2NTFEW66;
				INFOPLIST_FILE = BoxGoUITests/Info.plist;
				LD_RUNPATH_SEARCH_PATHS = "$(inherited) @executable_path/Frameworks @loader_path/Frameworks";
				PRODUCT_BUNDLE_IDENTIFIER = miranda.szhao.BoxGoUITests;
				PRODUCT_NAME = "$(TARGET_NAME)";
				SWIFT_VERSION = 3.0;
				TEST_TARGET_NAME = BoxGo;
			};
			name = Release;
		};
/* End XCBuildConfiguration section */

/* Begin XCConfigurationList section */
		9F7A4DFC1F845D1300AD122F /* Build configuration list for PBXProject "BoxGo" */ = {
			isa = XCConfigurationList;
			buildConfigurations = (
				9F7A4E2A1F845D1300AD122F /* Debug */,
				9F7A4E2B1F845D1300AD122F /* Release */,
			);
			defaultConfigurationIsVisible = 0;
			defaultConfigurationName = Release;
		};
		9F7A4E2C1F845D1300AD122F /* Build configuration list for PBXNativeTarget "BoxGo" */ = {
			isa = XCConfigurationList;
			buildConfigurations = (
				9F7A4E2D1F845D1300AD122F /* Debug */,
				9F7A4E2E1F845D1300AD122F /* Release */,
			);
			defaultConfigurationIsVisible = 0;
		};
		9F7A4E2F1F845D1300AD122F /* Build configuration list for PBXNativeTarget "BoxGoTests" */ = {
			isa = XCConfigurationList;
			buildConfigurations = (
				9F7A4E301F845D1300AD122F /* Debug */,
				9F7A4E311F845D1300AD122F /* Release */,
			);
			defaultConfigurationIsVisible = 0;
		};
		9F7A4E321F845D1300AD122F /* Build configuration list for PBXNativeTarget "BoxGoUITests" */ = {
			isa = XCConfigurationList;
			buildConfigurations = (
				9F7A4E331F845D1300AD122F /* Debug */,
				9F7A4E341F845D1300AD122F /* Release */,
			);
			defaultConfigurationIsVisible = 0;
		};
/* End XCConfigurationList section */

/* Begin XCVersionGroup section */
		9F7A4E0B1F845D1300AD122F /* BoxGo.xcdatamodeld */ = {
			isa = XCVersionGroup;
			children = (
				9F7A4E0C1F845D1300AD122F /* BoxGo.xcdatamodel */,
			);
			currentVersion = 9F7A4E0C1F845D1300AD122F /* BoxGo.xcdatamodel */;
			path = BoxGo.xcdatamodeld;
			sourceTree = "<group>";
			versionGroupType = wrapper.xcdatamodel;
		};
/* End XCVersionGroup section */
	};
	rootObject = 9F7A4DF91F845D1300AD122F /* Project object */;
}
